<?xml version="1.0" encoding="utf-8"?>
<Project ToolsVersion="16.0" xmlns="http://schemas.microsoft.com/developer/msbuild/2003">
  <ItemGroup>
    <ClCompile Include="C:\Users\langj\OneDrive\Documents\Y3\Y3T1\ICT3215DigitalForensics\Project\openprocmon-master\kernel\file.c">
      <Filter>Source Files</Filter>
    </ClCompile>
    <ClCompile Include="C:\Users\langj\OneDrive\Documents\Y3\Y3T1\ICT3215DigitalForensics\Project\openprocmon-master\kernel\globals.c">
      <Filter>Source Files</Filter>
    </ClCompile>
    <ClCompile Include="C:\Users\langj\OneDrive\Documents\Y3\Y3T1\ICT3215DigitalForensics\Project\openprocmon-master\kernel\log.c">
      <Filter>Source Files</Filter>
    </ClCompile>
    <ClCompile Include="C:\Users\langj\OneDrive\Documents\Y3\Y3T1\ICT3215DigitalForensics\Project\openprocmon-master\kernel\process.c">
      <Filter>Source Files</Filter>
    </ClCompile>
    <ClCompile Include="C:\Users\langj\OneDrive\Documents\Y3\Y3T1\ICT3215DigitalForensics\Project\openprocmon-master\kernel\procmon.c">
      <Filter>Source Files</Filter>
    </ClCompile>
    <ClCompile Include="C:\Users\langj\OneDrive\Documents\Y3\Y3T1\ICT3215DigitalForensics\Project\openprocmon-master\kernel\reg.c">
      <Filter>Source Files</Filter>
    </ClCompile>
    <ClCompile Include="C:\Users\langj\OneDrive\Documents\Y3\Y3T1\ICT3215DigitalForensics\Project\openprocmon-master\kernel\utils.c">
      <Filter>Source Files</Filter>
    </ClCompile>
  </ItemGroup>
  <ItemGroup>
    <ClInclude Include="C:\Users\langj\OneDrive\Documents\Y3\Y3T1\ICT3215DigitalForensics\Project\openprocmon-master\kernel\file.h">
      <Filter>Header Files</Filter>
    </ClInclude>
    <ClInclude Include="C:\Users\langj\OneDrive\Documents\Y3\Y3T1\ICT3215DigitalForensics\Project\openprocmon-master\kernel\globals.h">
      <Filter>Header Files</Filter>
    </ClInclude>
    <ClInclude Include="C:\Users\langj\OneDrive\Documents\Y3\Y3T1\ICT3215DigitalForensics\Project\openprocmon-master\kernel\log.h">
      <Filter>Header Files</Filter>
    </ClInclude>
    <ClInclude Include="C:\Users\langj\OneDrive\Documents\Y3\Y3T1\ICT3215DigitalForensics\Project\openprocmon-master\kernel\logsdk.h">
      <Filter>Header Files</Filter>
    </ClInclude>
    <ClInclude Include="C:\Users\langj\OneDrive\Documents\Y3\Y3T1\ICT3215DigitalForensics\Project\openprocmon-master\kernel\ntheader.h">
      <Filter>Header Files</Filter>
    </ClInclude>
    <ClInclude Include="C:\Users\langj\OneDrive\Documents\Y3\Y3T1\ICT3215DigitalForensics\Project\openprocmon-master\kernel\process.h">
      <Filter>Header Files</Filter>
    </ClInclude>
    <ClInclude Include="C:\Users\langj\OneDrive\Documents\Y3\Y3T1\ICT3215DigitalForensics\Project\openprocmon-master\kernel\reg.h">
      <Filter>Header Files</Filter>
    </ClInclude>
    <ClInclude Include="C:\Users\langj\OneDrive\Documents\Y3\Y3T1\ICT3215DigitalForensics\Project\openprocmon-master\kernel\utils.h">
      <Filter>Header Files</Filter>
    </ClInclude>
  </ItemGroup>
  <ItemGroup>
    <CustomBuild Include="C:\Users\langj\OneDrive\Documents\Y3\Y3T1\ICT3215DigitalForensics\Project\openprocmon-master\kernel\CMakeLists.txt" />
  </ItemGroup>
  <ItemGroup>
    <ResourceCompile Include="C:\Users\langj\OneDrive\Documents\Y3\Y3T1\ICT3215DigitalForensics\Project\openprocmon-master\kernel\procmon.rc">
      <Filter>Source Files</Filter>
    </ResourceCompile>
  </ItemGroup>
  <ItemGroup>
    <Filter Include="Header Files">
      <UniqueIdentifier>{25B260FB-C8B6-36F7-851E-65AB174E1CA2}</UniqueIdentifier>
    </Filter>
    <Filter Include="Source Files">
      <UniqueIdentifier>{CB4AB3B5-A80F-3F5F-AB19-203190547AF7}</UniqueIdentifier>
    </Filter>
  </ItemGroup>
</Project>
