<?xml version="1.0" encoding="utf-8"?>
<Project ToolsVersion="16.0" xmlns="http://schemas.microsoft.com/developer/msbuild/2003">
  <ItemGroup>
    <ClCompile Include="C:\Users\langj\OneDrive\Documents\Y3\Y3T1\ICT3215DigitalForensics\Project\openprocmon-master\gui\dataview.cpp">
      <Filter>Source Files</Filter>
    </ClCompile>
    <ClCompile Include="C:\Users\langj\OneDrive\Documents\Y3\Y3T1\ICT3215DigitalForensics\Project\openprocmon-master\gui\filter.cpp">
      <Filter>Source Files</Filter>
    </ClCompile>
    <ClCompile Include="C:\Users\langj\OneDrive\Documents\Y3\Y3T1\ICT3215DigitalForensics\Project\openprocmon-master\gui\filtermgr.cpp">
      <Filter>Source Files</Filter>
    </ClCompile>
    <ClCompile Include="C:\Users\langj\OneDrive\Documents\Y3\Y3T1\ICT3215DigitalForensics\Project\openprocmon-master\gui\main.cpp">
      <Filter>Source Files</Filter>
    </ClCompile>
    <ClCompile Include="C:\Users\langj\OneDrive\Documents\Y3\Y3T1\ICT3215DigitalForensics\Project\openprocmon-master\gui\propdlg.cpp">
      <Filter>Source Files</Filter>
    </ClCompile>
    <ClCompile Include="C:\Users\langj\OneDrive\Documents\Y3\Y3T1\ICT3215DigitalForensics\Project\openprocmon-master\gui\propevent.cpp">
      <Filter>Source Files</Filter>
    </ClCompile>
    <ClCompile Include="C:\Users\langj\OneDrive\Documents\Y3\Y3T1\ICT3215DigitalForensics\Project\openprocmon-master\gui\propstack.cpp">
      <Filter>Source Files</Filter>
    </ClCompile>
    <ClCompile Include="C:\Users\langj\OneDrive\Documents\Y3\Y3T1\ICT3215DigitalForensics\Project\openprocmon-master\gui\stdafx.cpp">
      <Filter>Source Files</Filter>
    </ClCompile>
  </ItemGroup>
  <ItemGroup>
    <ClInclude Include="C:\Users\langj\OneDrive\Documents\Y3\Y3T1\ICT3215DigitalForensics\Project\openprocmon-master\gui\AboutDlg.h">
      <Filter>Header Files</Filter>
    </ClInclude>
    <ClInclude Include="C:\Users\langj\OneDrive\Documents\Y3\Y3T1\ICT3215DigitalForensics\Project\openprocmon-master\gui\MainFrm.h">
      <Filter>Header Files</Filter>
    </ClInclude>
    <ClInclude Include="C:\Users\langj\OneDrive\Documents\Y3\Y3T1\ICT3215DigitalForensics\Project\openprocmon-master\gui\View.h">
      <Filter>Header Files</Filter>
    </ClInclude>
    <ClInclude Include="C:\Users\langj\OneDrive\Documents\Y3\Y3T1\ICT3215DigitalForensics\Project\openprocmon-master\gui\dataview.h">
      <Filter>Header Files</Filter>
    </ClInclude>
    <ClInclude Include="C:\Users\langj\OneDrive\Documents\Y3\Y3T1\ICT3215DigitalForensics\Project\openprocmon-master\gui\filterdlg.h">
      <Filter>Header Files</Filter>
    </ClInclude>
    <ClInclude Include="C:\Users\langj\OneDrive\Documents\Y3\Y3T1\ICT3215DigitalForensics\Project\openprocmon-master\gui\filtermgr.h">
      <Filter>Header Files</Filter>
    </ClInclude>
    <ClInclude Include="C:\Users\langj\OneDrive\Documents\Y3\Y3T1\ICT3215DigitalForensics\Project\openprocmon-master\gui\fltprocess.h">
      <Filter>Header Files</Filter>
    </ClInclude>
    <ClInclude Include="C:\Users\langj\OneDrive\Documents\Y3\Y3T1\ICT3215DigitalForensics\Project\openprocmon-master\gui\procmon_gui.h">
      <Filter>Header Files</Filter>
    </ClInclude>
    <ClInclude Include="C:\Users\langj\OneDrive\Documents\Y3\Y3T1\ICT3215DigitalForensics\Project\openprocmon-master\gui\propdlg.h">
      <Filter>Header Files</Filter>
    </ClInclude>
    <ClInclude Include="C:\Users\langj\OneDrive\Documents\Y3\Y3T1\ICT3215DigitalForensics\Project\openprocmon-master\gui\propevent.h">
      <Filter>Header Files</Filter>
    </ClInclude>
    <ClInclude Include="C:\Users\langj\OneDrive\Documents\Y3\Y3T1\ICT3215DigitalForensics\Project\openprocmon-master\gui\propproc.h">
      <Filter>Header Files</Filter>
    </ClInclude>
    <ClInclude Include="C:\Users\langj\OneDrive\Documents\Y3\Y3T1\ICT3215DigitalForensics\Project\openprocmon-master\gui\propstack.h">
      <Filter>Header Files</Filter>
    </ClInclude>
    <ClInclude Include="C:\Users\langj\OneDrive\Documents\Y3\Y3T1\ICT3215DigitalForensics\Project\openprocmon-master\gui\resource.h">
      <Filter>Header Files</Filter>
    </ClInclude>
    <ClInclude Include="C:\Users\langj\OneDrive\Documents\Y3\Y3T1\ICT3215DigitalForensics\Project\openprocmon-master\gui\stdafx.h">
      <Filter>Header Files</Filter>
    </ClInclude>
  </ItemGroup>
  <ItemGroup>
    <CustomBuild Include="C:\Users\langj\OneDrive\Documents\Y3\Y3T1\ICT3215DigitalForensics\Project\openprocmon-master\gui\CMakeLists.txt" />
  </ItemGroup>
  <ItemGroup>
    <ResourceCompile Include="C:\Users\langj\OneDrive\Documents\Y3\Y3T1\ICT3215DigitalForensics\Project\openprocmon-master\gui\procmon_gui.rc">
      <Filter>Source Files</Filter>
    </ResourceCompile>
  </ItemGroup>
  <ItemGroup>
    <Filter Include="Header Files">
      <UniqueIdentifier>{25B260FB-C8B6-36F7-851E-65AB174E1CA2}</UniqueIdentifier>
    </Filter>
    <Filter Include="Source Files">
      <UniqueIdentifier>{CB4AB3B5-A80F-3F5F-AB19-203190547AF7}</UniqueIdentifier>
    </Filter>
  </ItemGroup>
</Project>
