<?xml version="1.0" encoding="utf-8"?>
<Project ToolsVersion="16.0" xmlns="http://schemas.microsoft.com/developer/msbuild/2003">
  <ItemGroup>
    <CustomBuild Include="C:\Users\langj\OneDrive\Documents\Y3\Y3T1\ICT3215DigitalForensics\Project\openprocmon-master\CMakeFiles\b479a2c513c1ffcdd26897e30dfcb6ac\generate.stamp.rule">
      <Filter>CMake Rules</Filter>
    </CustomBuild>
  </ItemGroup>
  <ItemGroup>
    <Filter Include="CMake Rules">
      <UniqueIdentifier>{6B9E59DB-BA05-305E-97D5-70D50F2EE291}</UniqueIdentifier>
    </Filter>
  </ItemGroup>
</Project>
