<?xml version="1.0" encoding="utf-8"?>
<Project ToolsVersion="16.0" xmlns="http://schemas.microsoft.com/developer/msbuild/2003">
  <ItemGroup>
    <ClCompile Include="C:\Users\langj\OneDrive\Documents\Y3\Y3T1\ICT3215DigitalForensics\Project\openprocmon-master\sdk\example\example.cpp">
      <Filter>Source Files</Filter>
    </ClCompile>
  </ItemGroup>
  <ItemGroup>
    <CustomBuild Include="C:\Users\langj\OneDrive\Documents\Y3\Y3T1\ICT3215DigitalForensics\Project\openprocmon-master\sdk\example\CMakeLists.txt" />
  </ItemGroup>
  <ItemGroup>
    <Filter Include="Source Files">
      <UniqueIdentifier>{CB4AB3B5-A80F-3F5F-AB19-203190547AF7}</UniqueIdentifier>
    </Filter>
  </ItemGroup>
</Project>
